dependencies:
- name: redis
  repository: https://charts.bitnami.com/bitnami
  version: 18.1.1
- name: mongodb
  repository: https://charts.bitnami.com/bitnami
  version: 14.0.3
digest: sha256:0894571ddc23589fdd654775ff59ad68803440b54780d6855c58960a0895537c
generated: "2023-10-04T20:46:27.922595-04:00"
